// !$*UTF8*$!
{
	archiveVersion = 1;
	classes = {
	};
	objectVersion = 56;
	objects = {

/* Begin PBXBuildFile section */
		CA285B992A94DF570097ED37 /* ChatAppApp.swift in Sources */ = {isa = PBXBuildFile; fileRef = CA285B982A94DF570097ED37 /* ChatAppApp.swift */; };
		CA285B9D2A94DF570097ED37 /* ContentView.swift in Sources */ = {isa = PBXBuildFile; fileRef = CA285B9C2A94DF570097ED37 /* ContentView.swift */; };
		CA285B9F2A94DF590097ED37 /* Assets.xcassets in Resources */ = {isa = PBXBuildFile; fileRef = CA285B9E2A94DF590097ED37 /* Assets.xcassets */; };
		CA285BA22A94DF590097ED37 /* Preview Assets.xcassets in Resources */ = {isa = PBXBuildFile; fileRef = CA285BA12A94DF590097ED37 /* Preview Assets.xcassets */; };
		CA285BAA2A94E97F0097ED37 /* GoogleService-Info.plist in Resources */ = {isa = PBXBuildFile; fileRef = CA285BA92A94E97E0097ED37 /* GoogleService-Info.plist */; };
		CA285BAD2A94EE060097ED37 /* FirebaseAuth in Frameworks */ = {isa = PBXBuildFile; productRef = CA285BAC2A94EE060097ED37 /* FirebaseAuth */; };
		CA285BAF2A94EE060097ED37 /* FirebaseFirestore in Frameworks */ = {isa = PBXBuildFile; productRef = CA285BAE2A94EE060097ED37 /* FirebaseFirestore */; };
		CA285BB12A94EE060097ED37 /* FirebaseFirestoreSwift in Frameworks */ = {isa = PBXBuildFile; productRef = CA285BB02A94EE060097ED37 /* FirebaseFirestoreSwift */; };
		CA285BB32A94EE060097ED37 /* FirebaseStorage in Frameworks */ = {isa = PBXBuildFile; productRef = CA285BB22A94EE060097ED37 /* FirebaseStorage */; };
		CA285BB52A97E0C90097ED37 /* SignUpView.swift in Sources */ = {isa = PBXBuildFile; fileRef = CA285BB42A97E0C90097ED37 /* SignUpView.swift */; };
		CA285BB82A97E4270097ED37 /* StringExtensions.swift in Sources */ = {isa = PBXBuildFile; fileRef = CA285BB72A97E4270097ED37 /* StringExtensions.swift */; };
		CA285BBA2A987D5A0097ED37 /* Model.swift in Sources */ = {isa = PBXBuildFile; fileRef = CA285BB92A987D5A0097ED37 /* Model.swift */; };
		CA285BBC2A987E460097ED37 /* LoginView.swift in Sources */ = {isa = PBXBuildFile; fileRef = CA285BBB2A987E460097ED37 /* LoginView.swift */; };
		CA285BBE2A9880660097ED37 /* MainView.swift in Sources */ = {isa = PBXBuildFile; fileRef = CA285BBD2A9880660097ED37 /* MainView.swift */; };
		CA285BC02A9883080097ED37 /* AppState.swift in Sources */ = {isa = PBXBuildFile; fileRef = CA285BBF2A9883080097ED37 /* AppState.swift */; };
/* End PBXBuildFile section */

/* Begin PBXFileReference section */
		CA285B952A94DF570097ED37 /* ChatApp.app */ = {isa = PBXFileReference; explicitFileType = wrapper.application; includeInIndex = 0; path = ChatApp.app; sourceTree = BUILT_PRODUCTS_DIR; };
		CA285B982A94DF570097ED37 /* ChatAppApp.swift */ = {isa = PBXFileReference; lastKnownFileType = sourcecode.swift; path = ChatAppApp.swift; sourceTree = "<group>"; };
		CA285B9C2A94DF570097ED37 /* ContentView.swift */ = {isa = PBXFileReference; lastKnownFileType = sourcecode.swift; path = ContentView.swift; sourceTree = "<group>"; };
		CA285B9E2A94DF590097ED37 /* Assets.xcassets */ = {isa = PBXFileReference; lastKnownFileType = folder.assetcatalog; path = Assets.xcassets; sourceTree = "<group>"; };
		CA285BA12A94DF590097ED37 /* Preview Assets.xcassets */ = {isa = PBXFileReference; lastKnownFileType = folder.assetcatalog; path = "Preview Assets.xcassets"; sourceTree = "<group>"; };
		CA285BA32A94DF590097ED37 /* Info.plist */ = {isa = PBXFileReference; lastKnownFileType = text.plist.xml; path = Info.plist; sourceTree = "<group>"; };
		CA285BA92A94E97E0097ED37 /* GoogleService-Info.plist */ = {isa = PBXFileReference; fileEncoding = 4; lastKnownFileType = text.plist.xml; path = "GoogleService-Info.plist"; sourceTree = "<group>"; };
		CA285BB42A97E0C90097ED37 /* SignUpView.swift */ = {isa = PBXFileReference; lastKnownFileType = sourcecode.swift; path = SignUpView.swift; sourceTree = "<group>"; };
		CA285BB72A97E4270097ED37 /* StringExtensions.swift */ = {isa = PBXFileReference; lastKnownFileType = sourcecode.swift; path = StringExtensions.swift; sourceTree = "<group>"; };
		CA285BB92A987D5A0097ED37 /* Model.swift */ = {isa = PBXFileReference; lastKnownFileType = sourcecode.swift; path = Model.swift; sourceTree = "<group>"; };
		CA285BBB2A987E460097ED37 /* LoginView.swift */ = {isa = PBXFileReference; lastKnownFileType = sourcecode.swift; path = LoginView.swift; sourceTree = "<group>"; };
		CA285BBD2A9880660097ED37 /* MainView.swift */ = {isa = PBXFileReference; lastKnownFileType = sourcecode.swift; path = MainView.swift; sourceTree = "<group>"; };
		CA285BBF2A9883080097ED37 /* AppState.swift */ = {isa = PBXFileReference; lastKnownFileType = sourcecode.swift; path = AppState.swift; sourceTree = "<group>"; };
/* End PBXFileReference section */

/* Begin PBXFrameworksBuildPhase section */
		CA285B922A94DF570097ED37 /* Frameworks */ = {
			isa = PBXFrameworksBuildPhase;
			buildActionMask = 2147483647;
			files = (
				CA285BAD2A94EE060097ED37 /* FirebaseAuth in Frameworks */,
				CA285BB32A94EE060097ED37 /* FirebaseStorage in Frameworks */,
				CA285BAF2A94EE060097ED37 /* FirebaseFirestore in Frameworks */,
				CA285BB12A94EE060097ED37 /* FirebaseFirestoreSwift in Frameworks */,
			);
			runOnlyForDeploymentPostprocessing = 0;
		};
/* End PBXFrameworksBuildPhase section */

/* Begin PBXGroup section */
		CA285B8C2A94DF570097ED37 = {
			isa = PBXGroup;
			children = (
				CA285B972A94DF570097ED37 /* ChatApp */,
				CA285B962A94DF570097ED37 /* Products */,
			);
			sourceTree = "<group>";
		};
		CA285B962A94DF570097ED37 /* Products */ = {
			isa = PBXGroup;
			children = (
				CA285B952A94DF570097ED37 /* ChatApp.app */,
			);
			name = Products;
			sourceTree = "<group>";
		};
		CA285B972A94DF570097ED37 /* ChatApp */ = {
			isa = PBXGroup;
			children = (
				CA285B982A94DF570097ED37 /* ChatAppApp.swift */,
				CA285B9C2A94DF570097ED37 /* ContentView.swift */,
				CA285BA92A94E97E0097ED37 /* GoogleService-Info.plist */,
				CA285B9E2A94DF590097ED37 /* Assets.xcassets */,
				CA285BA32A94DF590097ED37 /* Info.plist */,
				CA285BA02A94DF590097ED37 /* Preview Content */,
				CA285BB42A97E0C90097ED37 /* SignUpView.swift */,
				CA285BB72A97E4270097ED37 /* StringExtensions.swift */,
				CA285BB92A987D5A0097ED37 /* Model.swift */,
				CA285BBB2A987E460097ED37 /* LoginView.swift */,
				CA285BBD2A9880660097ED37 /* MainView.swift */,
				CA285BBF2A9883080097ED37 /* AppState.swift */,
			);
			path = ChatApp;
			sourceTree = "<group>";
		};
		CA285BA02A94DF590097ED37 /* Preview Content */ = {
			isa = PBXGroup;
			children = (
				CA285BA12A94DF590097ED37 /* Preview Assets.xcassets */,
			);
			path = "Preview Content";
			sourceTree = "<group>";
		};
/* End PBXGroup section */

/* Begin PBXNativeTarget section */
		CA285B942A94DF570097ED37 /* ChatApp */ = {
			isa = PBXNativeTarget;
			buildConfigurationList = CA285BA62A94DF590097ED37 /* Build configuration list for PBXNativeTarget "ChatApp" */;
			buildPhases = (
				CA285B912A94DF570097ED37 /* Sources */,
				CA285B922A94DF570097ED37 /* Frameworks */,
				CA285B932A94DF570097ED37 /* Resources */,
			);
			buildRules = (
			);
			dependencies = (
			);
			name = ChatApp;
			packageProductDependencies = (
				CA285BAC2A94EE060097ED37 /* FirebaseAuth */,
				CA285BAE2A94EE060097ED37 /* FirebaseFirestore */,
				CA285BB02A94EE060097ED37 /* FirebaseFirestoreSwift */,
				CA285BB22A94EE060097ED37 /* FirebaseStorage */,
			);
			productName = ChatApp;
			productReference = CA285B952A94DF570097ED37 /* ChatApp.app */;
			productType = "com.apple.product-type.application";
		};
/* End PBXNativeTarget section */

/* Begin PBXProject section */
		CA285B8D2A94DF570097ED37 /* Project object */ = {
			isa = PBXProject;
			attributes = {
				BuildIndependentTargetsInParallel = 1;
				LastSwiftUpdateCheck = 1430;
				LastUpgradeCheck = 1430;
				TargetAttributes = {
					CA285B942A94DF570097ED37 = {
						CreatedOnToolsVersion = 14.3.1;
					};
				};
			};
			buildConfigurationList = CA285B902A94DF570097ED37 /* Build configuration list for PBXProject "ChatApp" */;
			compatibilityVersion = "Xcode 14.0";
			developmentRegion = en;
			hasScannedForEncodings = 0;
			knownRegions = (
				en,
				Base,
			);
			mainGroup = CA285B8C2A94DF570097ED37;
			packageReferences = (
				CA285BAB2A94EE060097ED37 /* XCRemoteSwiftPackageReference "firebase-ios-sdk" */,
			);
			productRefGroup = CA285B962A94DF570097ED37 /* Products */;
			projectDirPath = "";
			projectRoot = "";
			targets = (
				CA285B942A94DF570097ED37 /* ChatApp */,
			);
		};
/* End PBXProject section */

/* Begin PBXResourcesBuildPhase section */
		CA285B932A94DF570097ED37 /* Resources */ = {
			isa = PBXResourcesBuildPhase;
			buildActionMask = 2147483647;
			files = (
				CA285BA22A94DF590097ED37 /* Preview Assets.xcassets in Resources */,
				CA285B9F2A94DF590097ED37 /* Assets.xcassets in Resources */,
				CA285BAA2A94E97F0097ED37 /* GoogleService-Info.plist in Resources */,
			);
			runOnlyForDeploymentPostprocessing = 0;
		};
/* End PBXResourcesBuildPhase section */

/* Begin PBXSourcesBuildPhase section */
		CA285B912A94DF570097ED37 /* Sources */ = {
			isa = PBXSourcesBuildPhase;
			buildActionMask = 2147483647;
			files = (
				CA285BBC2A987E460097ED37 /* LoginView.swift in Sources */,
				CA285BBE2A9880660097ED37 /* MainView.swift in Sources */,
				CA285BBA2A987D5A0097ED37 /* Model.swift in Sources */,
				CA285BC02A9883080097ED37 /* AppState.swift in Sources */,
				CA285BB82A97E4270097ED37 /* StringExtensions.swift in Sources */,
				CA285B992A94DF570097ED37 /* ChatAppApp.swift in Sources */,
				CA285BB52A97E0C90097ED37 /* SignUpView.swift in Sources */,
				CA285B9D2A94DF570097ED37 /* ContentView.swift in Sources */,
			);
			runOnlyForDeploymentPostprocessing = 0;
		};
/* End PBXSourcesBuildPhase section */

/* Begin XCBuildConfiguration section */
		CA285BA42A94DF590097ED37 /* Debug */ = {
			isa = XCBuildConfiguration;
			buildSettings = {
				ALWAYS_SEARCH_USER_PATHS = NO;
				CLANG_ANALYZER_NONNULL = YES;
				CLANG_ANALYZER_NUMBER_OBJECT_CONVERSION = YES_AGGRESSIVE;
				CLANG_CXX_LANGUAGE_STANDARD = "gnu++20";
				CLANG_ENABLE_MODULES = YES;
				CLANG_ENABLE_OBJC_ARC = YES;
				CLANG_ENABLE_OBJC_WEAK = YES;
				CLANG_WARN_BLOCK_CAPTURE_AUTORELEASING = YES;
				CLANG_WARN_BOOL_CONVERSION = YES;
				CLANG_WARN_COMMA = YES;
				CLANG_WARN_CONSTANT_CONVERSION = YES;
				CLANG_WARN_DEPRECATED_OBJC_IMPLEMENTATIONS = YES;
				CLANG_WARN_DIRECT_OBJC_ISA_USAGE = YES_ERROR;
				CLANG_WARN_DOCUMENTATION_COMMENTS = YES;
				CLANG_WARN_EMPTY_BODY = YES;
				CLANG_WARN_ENUM_CONVERSION = YES;
				CLANG_WARN_INFINITE_RECURSION = YES;
				CLANG_WARN_INT_CONVERSION = YES;
				CLANG_WARN_NON_LITERAL_NULL_CONVERSION = YES;
				CLANG_WARN_OBJC_IMPLICIT_RETAIN_SELF = YES;
				CLANG_WARN_OBJC_LITERAL_CONVERSION = YES;
				CLANG_WARN_OBJC_ROOT_CLASS = YES_ERROR;
				CLANG_WARN_QUOTED_INCLUDE_IN_FRAMEWORK_HEADER = YES;
				CLANG_WARN_RANGE_LOOP_ANALYSIS = YES;
				CLANG_WARN_STRICT_PROTOTYPES = YES;
				CLANG_WARN_SUSPICIOUS_MOVE = YES;
				CLANG_WARN_UNGUARDED_AVAILABILITY = YES_AGGRESSIVE;
				CLANG_WARN_UNREACHABLE_CODE = YES;
				CLANG_WARN__DUPLICATE_METHOD_MATCH = YES;
				COPY_PHASE_STRIP = NO;
				DEBUG_INFORMATION_FORMAT = dwarf;
				ENABLE_STRICT_OBJC_MSGSEND = YES;
				ENABLE_TESTABILITY = YES;
				GCC_C_LANGUAGE_STANDARD = gnu11;
				GCC_DYNAMIC_NO_PIC = NO;
				GCC_NO_COMMON_BLOCKS = YES;
				GCC_OPTIMIZATION_LEVEL = 0;
				GCC_PREPROCESSOR_DEFINITIONS = (
					"DEBUG=1",
					"$(inherited)",
				);
				GCC_WARN_64_TO_32_BIT_CONVERSION = YES;
				GCC_WARN_ABOUT_RETURN_TYPE = YES_ERROR;
				GCC_WARN_UNDECLARED_SELECTOR = YES;
				GCC_WARN_UNINITIALIZED_AUTOS = YES_AGGRESSIVE;
				GCC_WARN_UNUSED_FUNCTION = YES;
				GCC_WARN_UNUSED_VARIABLE = YES;
				IPHONEOS_DEPLOYMENT_TARGET = 16.4;
				MTL_ENABLE_DEBUG_INFO = INCLUDE_SOURCE;
				MTL_FAST_MATH = YES;
				ONLY_ACTIVE_ARCH = YES;
				SDKROOT = iphoneos;
				SWIFT_ACTIVE_COMPILATION_CONDITIONS = DEBUG;
				SWIFT_OPTIMIZATION_LEVEL = "-Onone";
			};
			name = Debug;
		};
		CA285BA52A94DF590097ED37 /* Release */ = {
			isa = XCBuildConfiguration;
			buildSettings = {
				ALWAYS_SEARCH_USER_PATHS = NO;
				CLANG_ANALYZER_NONNULL = YES;
				CLANG_ANALYZER_NUMBER_OBJECT_CONVERSION = YES_AGGRESSIVE;
				CLANG_CXX_LANGUAGE_STANDARD = "gnu++20";
				CLANG_ENABLE_MODULES = YES;
				CLANG_ENABLE_OBJC_ARC = YES;
				CLANG_ENABLE_OBJC_WEAK = YES;
				CLANG_WARN_BLOCK_CAPTURE_AUTORELEASING = YES;
				CLANG_WARN_BOOL_CONVERSION = YES;
				CLANG_WARN_COMMA = YES;
				CLANG_WARN_CONSTANT_CONVERSION = YES;
				CLANG_WARN_DEPRECATED_OBJC_IMPLEMENTATIONS = YES;
				CLANG_WARN_DIRECT_OBJC_ISA_USAGE = YES_ERROR;
				CLANG_WARN_DOCUMENTATION_COMMENTS = YES;
				CLANG_WARN_EMPTY_BODY = YES;
				CLANG_WARN_ENUM_CONVERSION = YES;
				CLANG_WARN_INFINITE_RECURSION = YES;
				CLANG_WARN_INT_CONVERSION = YES;
				CLANG_WARN_NON_LITERAL_NULL_CONVERSION = YES;
				CLANG_WARN_OBJC_IMPLICIT_RETAIN_SELF = YES;
				CLANG_WARN_OBJC_LITERAL_CONVERSION = YES;
				CLANG_WARN_OBJC_ROOT_CLASS = YES_ERROR;
				CLANG_WARN_QUOTED_INCLUDE_IN_FRAMEWORK_HEADER = YES;
				CLANG_WARN_RANGE_LOOP_ANALYSIS = YES;
				CLANG_WARN_STRICT_PROTOTYPES = YES;
				CLANG_WARN_SUSPICIOUS_MOVE = YES;
				CLANG_WARN_UNGUARDED_AVAILABILITY = YES_AGGRESSIVE;
				CLANG_WARN_UNREACHABLE_CODE = YES;
				CLANG_WARN__DUPLICATE_METHOD_MATCH = YES;
				COPY_PHASE_STRIP = NO;
				DEBUG_INFORMATION_FORMAT = "dwarf-with-dsym";
				ENABLE_NS_ASSERTIONS = NO;
				ENABLE_STRICT_OBJC_MSGSEND = YES;
				GCC_C_LANGUAGE_STANDARD = gnu11;
				GCC_NO_COMMON_BLOCKS = YES;
				GCC_WARN_64_TO_32_BIT_CONVERSION = YES;
				GCC_WARN_ABOUT_RETURN_TYPE = YES_ERROR;
				GCC_WARN_UNDECLARED_SELECTOR = YES;
				GCC_WARN_UNINITIALIZED_AUTOS = YES_AGGRESSIVE;
				GCC_WARN_UNUSED_FUNCTION = YES;
				GCC_WARN_UNUSED_VARIABLE = YES;
				IPHONEOS_DEPLOYMENT_TARGET = 16.4;
				MTL_ENABLE_DEBUG_INFO = NO;
				MTL_FAST_MATH = YES;
				SDKROOT = iphoneos;
				SWIFT_COMPILATION_MODE = wholemodule;
				SWIFT_OPTIMIZATION_LEVEL = "-O";
				VALIDATE_PRODUCT = YES;
			};
			name = Release;
		};
		CA285BA72A94DF590097ED37 /* Debug */ = {
			isa = XCBuildConfiguration;
			buildSettings = {
				ASSETCATALOG_COMPILER_APPICON_NAME = AppIcon;
				ASSETCATALOG_COMPILER_GLOBAL_ACCENT_COLOR_NAME = AccentColor;
				CODE_SIGN_STYLE = Automatic;
				CURRENT_PROJECT_VERSION = 1;
				DEVELOPMENT_ASSET_PATHS = "\"ChatApp/Preview Content\"";
				DEVELOPMENT_TEAM = K4UP28AX3Y;
				ENABLE_PREVIEWS = YES;
				GENERATE_INFOPLIST_FILE = YES;
				INFOPLIST_FILE = ChatApp/Info.plist;
				INFOPLIST_KEY_UIApplicationSceneManifest_Generation = YES;
				INFOPLIST_KEY_UIApplicationSupportsIndirectInputEvents = YES;
				INFOPLIST_KEY_UILaunchScreen_Generation = YES;
				INFOPLIST_KEY_UISupportedInterfaceOrientations_iPad = "UIInterfaceOrientationPortrait UIInterfaceOrientationPortraitUpsideDown UIInterfaceOrientationLandscapeLeft UIInterfaceOrientationLandscapeRight";
				INFOPLIST_KEY_UISupportedInterfaceOrientations_iPhone = "UIInterfaceOrientationPortrait UIInterfaceOrientationLandscapeLeft UIInterfaceOrientationLandscapeRight";
				INFOPLIST_KEY_UISupportsDocumentBrowser = YES;
				LD_RUNPATH_SEARCH_PATHS = (
					"$(inherited)",
					"@executable_path/Frameworks",
				);
				MARKETING_VERSION = 1.0;
				PRODUCT_BUNDLE_IDENTIFIER = sk.victoria.galikova.ChatApp;
				PRODUCT_NAME = "$(TARGET_NAME)";
				SWIFT_EMIT_LOC_STRINGS = YES;
				SWIFT_VERSION = 5.0;
				TARGETED_DEVICE_FAMILY = "1,2";
			};
			name = Debug;
		};
		CA285BA82A94DF590097ED37 /* Release */ = {
			isa = XCBuildConfiguration;
			buildSettings = {
				ASSETCATALOG_COMPILER_APPICON_NAME = AppIcon;
				ASSETCATALOG_COMPILER_GLOBAL_ACCENT_COLOR_NAME = AccentColor;
				CODE_SIGN_STYLE = Automatic;
				CURRENT_PROJECT_VERSION = 1;
				DEVELOPMENT_ASSET_PATHS = "\"ChatApp/Preview Content\"";
				DEVELOPMENT_TEAM = K4UP28AX3Y;
				ENABLE_PREVIEWS = YES;
				GENERATE_INFOPLIST_FILE = YES;
				INFOPLIST_FILE = ChatApp/Info.plist;
				INFOPLIST_KEY_UIApplicationSceneManifest_Generation = YES;
				INFOPLIST_KEY_UIApplicationSupportsIndirectInputEvents = YES;
				INFOPLIST_KEY_UILaunchScreen_Generation = YES;
				INFOPLIST_KEY_UISupportedInterfaceOrientations_iPad = "UIInterfaceOrientationPortrait UIInterfaceOrientationPortraitUpsideDown UIInterfaceOrientationLandscapeLeft UIInterfaceOrientationLandscapeRight";
				INFOPLIST_KEY_UISupportedInterfaceOrientations_iPhone = "UIInterfaceOrientationPortrait UIInterfaceOrientationLandscapeLeft UIInterfaceOrientationLandscapeRight";
				INFOPLIST_KEY_UISupportsDocumentBrowser = YES;
				LD_RUNPATH_SEARCH_PATHS = (
					"$(inherited)",
					"@executable_path/Frameworks",
				);
				MARKETING_VERSION = 1.0;
				PRODUCT_BUNDLE_IDENTIFIER = sk.victoria.galikova.ChatApp;
				PRODUCT_NAME = "$(TARGET_NAME)";
				SWIFT_EMIT_LOC_STRINGS = YES;
				SWIFT_VERSION = 5.0;
				TARGETED_DEVICE_FAMILY = "1,2";
			};
			name = Release;
		};
/* End XCBuildConfiguration section */

/* Begin XCConfigurationList section */
		CA285B902A94DF570097ED37 /* Build configuration list for PBXProject "ChatApp" */ = {
			isa = XCConfigurationList;
			buildConfigurations = (
				CA285BA42A94DF590097ED37 /* Debug */,
				CA285BA52A94DF590097ED37 /* Release */,
			);
			defaultConfigurationIsVisible = 0;
			defaultConfigurationName = Release;
		};
		CA285BA62A94DF590097ED37 /* Build configuration list for PBXNativeTarget "ChatApp" */ = {
			isa = XCConfigurationList;
			buildConfigurations = (
				CA285BA72A94DF590097ED37 /* Debug */,
				CA285BA82A94DF590097ED37 /* Release */,
			);
			defaultConfigurationIsVisible = 0;
			defaultConfigurationName = Release;
		};
/* End XCConfigurationList section */

/* Begin XCRemoteSwiftPackageReference section */
		CA285BAB2A94EE060097ED37 /* XCRemoteSwiftPackageReference "firebase-ios-sdk" */ = {
			isa = XCRemoteSwiftPackageReference;
			repositoryURL = "https://github.com/firebase/firebase-ios-sdk";
			requirement = {
				kind = upToNextMajorVersion;
				minimumVersion = 10.0.0;
			};
		};
/* End XCRemoteSwiftPackageReference section */

/* Begin XCSwiftPackageProductDependency section */
		CA285BAC2A94EE060097ED37 /* FirebaseAuth */ = {
			isa = XCSwiftPackageProductDependency;
			package = CA285BAB2A94EE060097ED37 /* XCRemoteSwiftPackageReference "firebase-ios-sdk" */;
			productName = FirebaseAuth;
		};
		CA285BAE2A94EE060097ED37 /* FirebaseFirestore */ = {
			isa = XCSwiftPackageProductDependency;
			package = CA285BAB2A94EE060097ED37 /* XCRemoteSwiftPackageReference "firebase-ios-sdk" */;
			productName = FirebaseFirestore;
		};
		CA285BB02A94EE060097ED37 /* FirebaseFirestoreSwift */ = {
			isa = XCSwiftPackageProductDependency;
			package = CA285BAB2A94EE060097ED37 /* XCRemoteSwiftPackageReference "firebase-ios-sdk" */;
			productName = FirebaseFirestoreSwift;
		};
		CA285BB22A94EE060097ED37 /* FirebaseStorage */ = {
			isa = XCSwiftPackageProductDependency;
			package = CA285BAB2A94EE060097ED37 /* XCRemoteSwiftPackageReference "firebase-ios-sdk" */;
			productName = FirebaseStorage;
		};
/* End XCSwiftPackageProductDependency section */
	};
	rootObject = CA285B8D2A94DF570097ED37 /* Project object */;
}
